
Microsoft Visual Studio Solution File, Format Version 12.00
# Visual Studio Version 17
VisualStudioVersion = 17.11.35327.3
MinimumVisualStudioVersion = 10.0.40219.1
Project("{9A19103F-16F7-4668-BE54-9A1E7A4F7556}") = "TidyTrader.ApiIntegration", "TidyTapBit.ApiIntegration\TidyTrader.ApiIntegration.csproj", "{671BE8E5-32FB-4E6D-9EEA-40A1E8E52513}"
EndProject
Project("{FAE04EC0-301F-11D3-BF4B-00C04F79EFBC}") = "TidyTrader.Test", "TidyTapBit.Test\TidyTrader.Test.csproj", "{3341E282-C2CB-4762-A3A9-3BFF1DC82335}"
EndProject
Project("{FAE04EC0-301F-11D3-BF4B-00C04F79EFBC}") = "TidyTrader.Website", "TidyTapBit.Website\TidyTrader.Website.csproj", "{0E77B2E7-65C4-4005-A47A-8A422616411A}"
EndProject
Project("{FAE04EC0-301F-11D3-BF4B-00C04F79EFBC}") = "TidyTrader.Console", "TidyTrader.Console\TidyTrader.Console.csproj", "{EA7782A0-7A2E-470F-8742-36172E829F11}"
EndProject
Global
	GlobalSection(SolutionConfigurationPlatforms) = preSolution
		Debug|Any CPU = Debug|Any CPU
		Release|Any CPU = Release|Any CPU
	EndGlobalSection
	GlobalSection(ProjectConfigurationPlatforms) = postSolution
		{671BE8E5-32FB-4E6D-9EEA-40A1E8E52513}.Debug|Any CPU.ActiveCfg = Debug|Any CPU
		{671BE8E5-32FB-4E6D-9EEA-40A1E8E52513}.Debug|Any CPU.Build.0 = Debug|Any CPU
		{671BE8E5-32FB-4E6D-9EEA-40A1E8E52513}.Release|Any CPU.ActiveCfg = Release|Any CPU
		{671BE8E5-32FB-4E6D-9EEA-40A1E8E52513}.Release|Any CPU.Build.0 = Release|Any CPU
		{3341E282-C2CB-4762-A3A9-3BFF1DC82335}.Debug|Any CPU.ActiveCfg = Debug|Any CPU
		{3341E282-C2CB-4762-A3A9-3BFF1DC82335}.Debug|Any CPU.Build.0 = Debug|Any CPU
		{3341E282-C2CB-4762-A3A9-3BFF1DC82335}.Release|Any CPU.ActiveCfg = Release|Any CPU
		{3341E282-C2CB-4762-A3A9-3BFF1DC82335}.Release|Any CPU.Build.0 = Release|Any CPU
		{0E77B2E7-65C4-4005-A47A-8A422616411A}.Debug|Any CPU.ActiveCfg = Debug|Any CPU
		{0E77B2E7-65C4-4005-A47A-8A422616411A}.Debug|Any CPU.Build.0 = Debug|Any CPU
		{0E77B2E7-65C4-4005-A47A-8A422616411A}.Release|Any CPU.ActiveCfg = Release|Any CPU
		{0E77B2E7-65C4-4005-A47A-8A422616411A}.Release|Any CPU.Build.0 = Release|Any CPU
		{EA7782A0-7A2E-470F-8742-36172E829F11}.Debug|Any CPU.ActiveCfg = Debug|Any CPU
		{EA7782A0-7A2E-470F-8742-36172E829F11}.Debug|Any CPU.Build.0 = Debug|Any CPU
		{EA7782A0-7A2E-470F-8742-36172E829F11}.Release|Any CPU.ActiveCfg = Release|Any CPU
		{EA7782A0-7A2E-470F-8742-36172E829F11}.Release|Any CPU.Build.0 = Release|Any CPU
	EndGlobalSection
	GlobalSection(SolutionProperties) = preSolution
		HideSolutionNode = FALSE
	EndGlobalSection
	GlobalSection(ExtensibilityGlobals) = postSolution
		SolutionGuid = {83AC4279-5196-4809-A015-C80AB48C8315}
	EndGlobalSection
EndGlobal
